
Microsoft Visual Studio Solution File, Format Version 12.00
# Visual Studio Version 16
VisualStudioVersion = 16.0.30011.22
MinimumVisualStudioVersion = 10.0.40219.1
Project("{FAE04EC0-301F-11D3-BF4B-00C04F79EFBC}") = "remember", "remember\remember.csproj", "{451222A4-D8C3-4203-9533-52B5D4CB8A63}"
EndProject
Global
	GlobalSection(SolutionConfigurationPlatforms) = preSolution
		Debug|Any CPU = Debug|Any CPU
		Release|Any CPU = Release|Any CPU
	EndGlobalSection
	GlobalSection(ProjectConfigurationPlatforms) = postSolution
		{451222A4-D8C3-4203-9533-52B5D4CB8A63}.Debug|Any CPU.ActiveCfg = Debug|Any CPU
		{451222A4-D8C3-4203-9533-52B5D4CB8A63}.Debug|Any CPU.Build.0 = Debug|Any CPU
		{451222A4-D8C3-4203-9533-52B5D4CB8A63}.Release|Any CPU.ActiveCfg = Release|Any CPU
		{451222A4-D8C3-4203-9533-52B5D4CB8A63}.Release|Any CPU.Build.0 = Release|Any CPU
	EndGlobalSection
	GlobalSection(SolutionProperties) = preSolution
		HideSolutionNode = FALSE
	EndGlobalSection
	GlobalSection(ExtensibilityGlobals) = postSolution
		SolutionGuid = {B4D7711C-A3C5-44DD-B065-B3F67BB83DD2}
	EndGlobalSection
EndGlobal
